{
  "lockfileVersion": 1,
  "workspaces": {
    "": {
      "name": "bunai",
      "dependencies": {
        "@ai-sdk/openai": "^3.0.0-beta.54",
        "@ai-sdk/react": "^3.0.0-beta.93",
        "ai": "^6.0.0-beta.93",
        "bun-plugin-tailwind": "^0.1.2",
        "dotenv": "^16.4.7",
        "katex": "^0.16.25",
        "marked": "^16.4.1",
        "marked-katex-extension": "^5.1.5",
        "marked-react": "^3.0.2",
        "playwright": "^1.49.0",
        "react": "^19.2.0",
        "react-dom": "^19.2.0",
        "tailwindcss": "^4.1.16",
        "uuid": "^11.0.5",
        "zod": "^3.24.1",
      },
      "devDependencies": {
        "@types/bun": "latest",
        "@types/react": "^19.2.2",
        "@types/react-dom": "^19.2.2",
        "@types/uuid": "^10.0.0",
        "prettier": "^3.6.2",
      },
      "peerDependencies": {
        "typescript": "^5",
      },
    },
  },
  "packages": {
    "@ai-sdk/gateway": ["@ai-sdk/gateway@2.0.0-beta.74", "", { "dependencies": { "@ai-sdk/provider": "3.0.0-beta.26", "@ai-sdk/provider-utils": "4.0.0-beta.45", "@vercel/oidc": "3.0.5" }, "peerDependencies": { "zod": "^3.25.76 || ^4.1.8" } }, "sha512-txkhwB1MijDiHuNJkS4RqWe8M8vSVMGMsHmssNLwlIKtmLCvW8rVUywsPt7oKd9WHHi2t8eh5dhk5bBR9Kt1Sg=="],

    "@ai-sdk/openai": ["@ai-sdk/openai@3.0.0-beta.89", "", { "dependencies": { "@ai-sdk/provider": "3.0.0-beta.26", "@ai-sdk/provider-utils": "4.0.0-beta.45" }, "peerDependencies": { "zod": "^3.25.76 || ^4.1.8" } }, "sha512-MNzyOy3yR5/4R/lYCA/k9Z31qL+JcwdVsxLrhRgMkfTmdniNHzt+huEgtMtgd1kcCW0duMbygRO102XehISNyw=="],

    "@ai-sdk/provider": ["@ai-sdk/provider@3.0.0-beta.26", "", { "dependencies": { "json-schema": "^0.4.0" } }, "sha512-UQyOlrpahFL1CZ/QA0ZpFhAkE32fw1XXBx+6gu23YWSCMJCjaf/fiJUPV7xUhp/nXqVO/IC+PIIfLomx55D16A=="],

    "@ai-sdk/provider-utils": ["@ai-sdk/provider-utils@4.0.0-beta.45", "", { "dependencies": { "@ai-sdk/provider": "3.0.0-beta.26", "@standard-schema/spec": "^1.0.0", "eventsource-parser": "^3.0.6" }, "peerDependencies": { "@valibot/to-json-schema": "^1.3.0", "arktype": "^2.1.22", "effect": "^3.18.4", "zod": "^3.25.76 || ^4.1.8" }, "optionalPeers": ["@valibot/to-json-schema", "arktype", "effect"] }, "sha512-h84K/LF26wL285mgSBpvRxbdH9B21mUCRHzuWCnsS6EH4aI9sF94QwKNEvMA+vAScfBpdjJ35k5m0aoRtgKokg=="],

    "@ai-sdk/react": ["@ai-sdk/react@3.0.0-beta.141", "", { "dependencies": { "@ai-sdk/provider-utils": "4.0.0-beta.45", "ai": "6.0.0-beta.139", "swr": "^2.2.5", "throttleit": "2.1.0" }, "peerDependencies": { "react": "^18 || ^19" } }, "sha512-Wrli+nSApHg0bsGsYfZnljs5dxsY1p6qOuB4m6kOyxizPAJRt1gCtaED4n7AToKPOu/qS9rIDlEZLNO29/rcLQ=="],

    "@opentelemetry/api": ["@opentelemetry/api@1.9.0", "", {}, "sha512-3giAOQvZiH5F9bMlMiv8+GSPMeqg0dbaeo58/0SlA9sxSqZhnUtxzX9/2FzyhS9sWQf5S0GJE0AKBrFqjpeYcg=="],

    "@oven/bun-darwin-aarch64": ["@oven/bun-darwin-aarch64@1.3.4", "", { "os": "darwin", "cpu": "arm64" }, "sha512-2Ie4jDGvNGuPSD+pyyBKL8dJmX+bZfDNYEalwgROImVtwB1XYAatJK20dMaRlPA7jOhjvS9Io+4IZAJu7Js0AA=="],

    "@oven/bun-darwin-x64": ["@oven/bun-darwin-x64@1.3.4", "", { "os": "darwin", "cpu": "x64" }, "sha512-4/BJojT8hk5g6Gecjn5yI7y96/+9Mtzsvdp9+2dcy9sTMdlV7jBvDzswqyJPZyQqw0F3HV3Vu9XuMubZwKd9lA=="],

    "@oven/bun-darwin-x64-baseline": ["@oven/bun-darwin-x64-baseline@1.3.4", "", { "os": "darwin", "cpu": "x64" }, "sha512-ZYxzIOCDqylTMsnWYERjKMMuK2b4an4qbloBmUZTwLHmVzos00yrhtpitZhJBgH6yB/l4Q5eoJ2W98UKtFFeiQ=="],

    "@oven/bun-linux-aarch64": ["@oven/bun-linux-aarch64@1.3.4", "", { "os": "linux", "cpu": "arm64" }, "sha512-8DUIlanftMdFxLGq2FxwKwfrp8O4ZofF/8Oc6lxCyEFmg2hixbHhL04+fPfJIi5D4hZloynxZdwTeDbGv/Kc4A=="],

    "@oven/bun-linux-aarch64-musl": ["@oven/bun-linux-aarch64-musl@1.3.4", "", { "os": "linux", "cpu": "arm64" }, "sha512-6UtmM4wXgRKz+gnLZEfddfsuBSVQpJr09K12e5pbdnLzeWgXYlBT5FG8S7SVn1t6cbgBMnigEsFjWwfTuMNoCw=="],

    "@oven/bun-linux-x64": ["@oven/bun-linux-x64@1.3.4", "", { "os": "linux", "cpu": "x64" }, "sha512-03iSDMqdrmIFAsvsRptq+A7EGNjkg20dNzPnqxAlXHk5rc1PeIRWIP0eIn0i3nI6mmdj33mimf9AGr0+d0lKMg=="],

    "@oven/bun-linux-x64-baseline": ["@oven/bun-linux-x64-baseline@1.3.4", "", { "os": "linux", "cpu": "x64" }, "sha512-ZMGPbFPqmG/VYJv61D+Y1V7T23jPK57vYl7yYLakmkTRjG6vcJ0Akhb2qR1iW94rHvfEBjeuVDAZBp8Qp9oyWA=="],

    "@oven/bun-linux-x64-musl": ["@oven/bun-linux-x64-musl@1.3.4", "", { "os": "linux", "cpu": "x64" }, "sha512-xUXPuJHndGhk4K3Cx1FgTyTgDZOn+ki3eWvdXYqKdfi0EaNA9KpUq+/vUtpJbZRjzpHs9L+OJcdDILq5H0LX4g=="],

    "@oven/bun-linux-x64-musl-baseline": ["@oven/bun-linux-x64-musl-baseline@1.3.4", "", { "os": "linux", "cpu": "x64" }, "sha512-qsGSSlNsxiX8lAayK2uYCfMLtqu776F0nn7qoyzg9Ti7mElM3woNh7RtGClTwQ6qsp5/UvgqT9g4pLaDHmqJFg=="],

    "@oven/bun-windows-x64": ["@oven/bun-windows-x64@1.3.4", "", { "os": "win32", "cpu": "x64" }, "sha512-nswsuN6+HZPim6x4tFpDFpMa/qpTKfywbGvCkzxwrbJO9MtpuW/54NA1nFbHhpV14OLU0xuxyBj2PK4FHq4MlA=="],

    "@oven/bun-windows-x64-baseline": ["@oven/bun-windows-x64-baseline@1.3.4", "", { "os": "win32", "cpu": "x64" }, "sha512-ZQiSDFfSUdOrPTiL2GvkxlC/kMED4fsJwdZnwJK6S9ylXnk9xY/9ZXfe1615SFLQl2LsVRzJAtjQLeM0BifIKQ=="],

    "@standard-schema/spec": ["@standard-schema/spec@1.0.0", "", {}, "sha512-m2bOd0f2RT9k8QJx1JN85cZYyH1RqFBdlwtkSlf4tBDYLCiiZnv1fIIwacK6cqwXavOydf0NPToMQgpKq+dVlA=="],

    "@types/bun": ["@types/bun@1.3.4", "", { "dependencies": { "bun-types": "1.3.4" } }, "sha512-EEPTKXHP+zKGPkhRLv+HI0UEX8/o+65hqARxLy8Ov5rIxMBPNTjeZww00CIihrIQGEQBYg+0roO5qOnS/7boGA=="],

    "@types/node": ["@types/node@24.10.2", "", { "dependencies": { "undici-types": "~7.16.0" } }, "sha512-WOhQTZ4G8xZ1tjJTvKOpyEVSGgOTvJAfDK3FNFgELyaTpzhdgHVHeqW8V+UJvzF5BT+/B54T/1S2K6gd9c7bbA=="],

    "@types/react": ["@types/react@19.2.7", "", { "dependencies": { "csstype": "^3.2.2" } }, "sha512-MWtvHrGZLFttgeEj28VXHxpmwYbor/ATPYbBfSFZEIRK0ecCFLl2Qo55z52Hss+UV9CRN7trSeq1zbgx7YDWWg=="],

    "@types/react-dom": ["@types/react-dom@19.2.3", "", { "peerDependencies": { "@types/react": "^19.2.0" } }, "sha512-jp2L/eY6fn+KgVVQAOqYItbF0VY/YApe5Mz2F0aykSO8gx31bYCZyvSeYxCHKvzHG5eZjc+zyaS5BrBWya2+kQ=="],

    "@types/uuid": ["@types/uuid@10.0.0", "", {}, "sha512-7gqG38EyHgyP1S+7+xomFtL+ZNHcKv6DwNaCZmJmo1vgMugyF3TCnXVg4t1uk89mLNwnLtnY3TpOpCOyp1/xHQ=="],

    "@vercel/oidc": ["@vercel/oidc@3.0.5", "", {}, "sha512-fnYhv671l+eTTp48gB4zEsTW/YtRgRPnkI2nT7x6qw5rkI1Lq2hTmQIpHPgyThI0znLK+vX2n9XxKdXZ7BUbbw=="],

    "ai": ["ai@6.0.0-beta.139", "", { "dependencies": { "@ai-sdk/gateway": "2.0.0-beta.74", "@ai-sdk/provider": "3.0.0-beta.26", "@ai-sdk/provider-utils": "4.0.0-beta.45", "@opentelemetry/api": "1.9.0" }, "peerDependencies": { "zod": "^3.25.76 || ^4.1.8" } }, "sha512-PfNG62f2p3Pd7xCM6T22o/zRnZARF35gPh2CJL7b14CZGcbD/UjmrDQeuweSiZFh6gtDDavOspSRtS2lQpKwHA=="],

    "bun": ["bun@1.3.4", "", { "optionalDependencies": { "@oven/bun-darwin-aarch64": "1.3.4", "@oven/bun-darwin-x64": "1.3.4", "@oven/bun-darwin-x64-baseline": "1.3.4", "@oven/bun-linux-aarch64": "1.3.4", "@oven/bun-linux-aarch64-musl": "1.3.4", "@oven/bun-linux-x64": "1.3.4", "@oven/bun-linux-x64-baseline": "1.3.4", "@oven/bun-linux-x64-musl": "1.3.4", "@oven/bun-linux-x64-musl-baseline": "1.3.4", "@oven/bun-windows-x64": "1.3.4", "@oven/bun-windows-x64-baseline": "1.3.4" }, "os": [ "linux", "win32", "darwin", ], "cpu": [ "x64", "arm64", ], "bin": { "bun": "bin/bun.exe", "bunx": "bin/bunx.exe" } }, "sha512-xV6KgD5ImquuKsoghzbWmYzeCXmmSgN6yJGz444hri2W+NGKNRFUNrEhy9+/rRXbvNA2qF0K0jAwqFNy1/GhBg=="],

    "bun-plugin-tailwind": ["bun-plugin-tailwind@0.1.2", "", { "peerDependencies": { "bun": ">=1.0.0" } }, "sha512-41jNC1tZRSK3s1o7pTNrLuQG8kL/0vR/JgiTmZAJ1eHwe0w5j6HFPKeqEk0WAD13jfrUC7+ULuewFBBCoADPpg=="],

    "bun-types": ["bun-types@1.3.4", "", { "dependencies": { "@types/node": "*" } }, "sha512-5ua817+BZPZOlNaRgGBpZJOSAQ9RQ17pkwPD0yR7CfJg+r8DgIILByFifDTa+IPDDxzf5VNhtNlcKqFzDgJvlQ=="],

    "commander": ["commander@8.3.0", "", {}, "sha512-OkTL9umf+He2DZkUq8f8J9of7yL6RJKI24dVITBmNfZBmri9zYZQrKkuXiKhyfPSu8tUhnVBB1iKXevvnlR4Ww=="],

    "csstype": ["csstype@3.2.3", "", {}, "sha512-z1HGKcYy2xA8AGQfwrn0PAy+PB7X/GSj3UVJW9qKyn43xWa+gl5nXmU4qqLMRzWVLFC8KusUX8T/0kCiOYpAIQ=="],

    "dequal": ["dequal@2.0.3", "", {}, "sha512-0je+qPKHEMohvfRTCEo3CrPG6cAzAYgmzKyxRiYSSDkS6eGJdyVJm7WaYA5ECaAD9wLB2T4EEeymA5aFVcYXCA=="],

    "dotenv": ["dotenv@16.6.1", "", {}, "sha512-uBq4egWHTcTt33a72vpSG0z3HnPuIl6NqYcTrKEg2azoEyl2hpW0zqlxysq2pK9HlDIHyHyakeYaYnSAwd8bow=="],

    "eventsource-parser": ["eventsource-parser@3.0.6", "", {}, "sha512-Vo1ab+QXPzZ4tCa8SwIHJFaSzy4R6SHf7BY79rFBDf0idraZWAkYrDjDj8uWaSm3S2TK+hJ7/t1CEmZ7jXw+pg=="],

    "fsevents": ["fsevents@2.3.2", "", { "os": "darwin" }, "sha512-xiqMQR4xAeHTuB9uWm+fFRcIOgKBMiOBP+eXiyT7jsgVCq1bkVygt00oASowB7EdtpOHaaPgKt812P9ab+DDKA=="],

    "json-schema": ["json-schema@0.4.0", "", {}, "sha512-es94M3nTIfsEPisRafak+HDLfHXnKBhV3vU5eqPcS3flIWqcxJWgXHXiey3YrpaNsanY5ei1VoYEbOzijuq9BA=="],

    "katex": ["katex@0.16.27", "", { "dependencies": { "commander": "^8.3.0" }, "bin": { "katex": "cli.js" } }, "sha512-aeQoDkuRWSqQN6nSvVCEFvfXdqo1OQiCmmW1kc9xSdjutPv7BGO7pqY9sQRJpMOGrEdfDgF2TfRXe5eUAD2Waw=="],

    "marked": ["marked@16.4.2", "", { "bin": { "marked": "bin/marked.js" } }, "sha512-TI3V8YYWvkVf3KJe1dRkpnjs68JUPyEa5vjKrp1XEEJUAOaQc+Qj+L1qWbPd0SJuAdQkFU0h73sXXqwDYxsiDA=="],

    "marked-katex-extension": ["marked-katex-extension@5.1.6", "", { "peerDependencies": { "katex": ">=0.16 <0.17", "marked": ">=4 <18" } }, "sha512-vYpLXwmlIDKILIhJtiRTgdyZRn5sEYdFBuTmbpjD7lbCIzg0/DWyK3HXIntN3Tp8zV6hvOUgpZNLWRCgWVc24A=="],

    "marked-react": ["marked-react@3.0.2", "", { "dependencies": { "marked": "^16.0.0" }, "peerDependencies": { "react": "^16.8.0 || >=17.0.0" } }, "sha512-uLuH5P5i1H+igH+Y7toWX+sM2UGDdYMIPZ9JtBNajkyFiQBoAMJJY7gBlm3nHXHiPDZHkhZ9p/cb9XO0F1qnCA=="],

    "playwright": ["playwright@1.57.0", "", { "dependencies": { "playwright-core": "1.57.0" }, "optionalDependencies": { "fsevents": "2.3.2" }, "bin": { "playwright": "cli.js" } }, "sha512-ilYQj1s8sr2ppEJ2YVadYBN0Mb3mdo9J0wQ+UuDhzYqURwSoW4n1Xs5vs7ORwgDGmyEh33tRMeS8KhdkMoLXQw=="],

    "playwright-core": ["playwright-core@1.57.0", "", { "bin": { "playwright-core": "cli.js" } }, "sha512-agTcKlMw/mjBWOnD6kFZttAAGHgi/Nw0CZ2o6JqWSbMlI219lAFLZZCyqByTsvVAJq5XA5H8cA6PrvBRpBWEuQ=="],

    "prettier": ["prettier@3.7.4", "", { "bin": { "prettier": "bin/prettier.cjs" } }, "sha512-v6UNi1+3hSlVvv8fSaoUbggEM5VErKmmpGA7Pl3HF8V6uKY7rvClBOJlH6yNwQtfTueNkGVpOv/mtWL9L4bgRA=="],

    "react": ["react@19.2.1", "", {}, "sha512-DGrYcCWK7tvYMnWh79yrPHt+vdx9tY+1gPZa7nJQtO/p8bLTDaHp4dzwEhQB7pZ4Xe3ok4XKuEPrVuc+wlpkmw=="],

    "react-dom": ["react-dom@19.2.1", "", { "dependencies": { "scheduler": "^0.27.0" }, "peerDependencies": { "react": "^19.2.1" } }, "sha512-ibrK8llX2a4eOskq1mXKu/TGZj9qzomO+sNfO98M6d9zIPOEhlBkMkBUBLd1vgS0gQsLDBzA+8jJBVXDnfHmJg=="],

    "scheduler": ["scheduler@0.27.0", "", {}, "sha512-eNv+WrVbKu1f3vbYJT/xtiF5syA5HPIMtf9IgY/nKg0sWqzAUEvqY/xm7OcZc/qafLx/iO9FgOmeSAp4v5ti/Q=="],

    "swr": ["swr@2.3.7", "", { "dependencies": { "dequal": "^2.0.3", "use-sync-external-store": "^1.4.0" }, "peerDependencies": { "react": "^16.11.0 || ^17.0.0 || ^18.0.0 || ^19.0.0" } }, "sha512-ZEquQ82QvalqTxhBVv/DlAg2mbmUjF4UgpPg9wwk4ufb9rQnZXh1iKyyKBqV6bQGu1Ie7L1QwSYO07qFIa1p+g=="],

    "tailwindcss": ["tailwindcss@4.1.17", "", {}, "sha512-j9Ee2YjuQqYT9bbRTfTZht9W/ytp5H+jJpZKiYdP/bpnXARAuELt9ofP0lPnmHjbga7SNQIxdTAXCmtKVYjN+Q=="],

    "throttleit": ["throttleit@2.1.0", "", {}, "sha512-nt6AMGKW1p/70DF/hGBdJB57B8Tspmbp5gfJ8ilhLnt7kkr2ye7hzD6NVG8GGErk2HWF34igrL2CXmNIkzKqKw=="],

    "typescript": ["typescript@5.9.3", "", { "bin": { "tsc": "bin/tsc", "tsserver": "bin/tsserver" } }, "sha512-jl1vZzPDinLr9eUt3J/t7V6FgNEw9QjvBPdysz9KfQDD41fQrC2Y4vKQdiaUpFT4bXlb1RHhLpp8wtm6M5TgSw=="],

    "undici-types": ["undici-types@7.16.0", "", {}, "sha512-Zz+aZWSj8LE6zoxD+xrjh4VfkIG8Ya6LvYkZqtUQGJPZjYl53ypCaUwWqo7eI0x66KBGeRo+mlBEkMSeSZ38Nw=="],

    "use-sync-external-store": ["use-sync-external-store@1.6.0", "", { "peerDependencies": { "react": "^16.8.0 || ^17.0.0 || ^18.0.0 || ^19.0.0" } }, "sha512-Pp6GSwGP/NrPIrxVFAIkOQeyw8lFenOHijQWkUTrDvrF4ALqylP2C/KCkeS9dpUM3KvYRQhna5vt7IL95+ZQ9w=="],

    "uuid": ["uuid@11.1.0", "", { "bin": { "uuid": "dist/esm/bin/uuid" } }, "sha512-0/A9rDy9P7cJ+8w1c9WD9V//9Wj15Ce2MPz8Ri6032usz+NfePxx5AcN3bN+r6ZL6jEo066/yNYB3tn4pQEx+A=="],

    "zod": ["zod@3.25.76", "", {}, "sha512-gzUt/qt81nXsFGKIFcC3YnfEAx5NkunCfnDlvuBSSFS02bcXu4Lmea0AFIUwbLWxWPx3d9p8S5QoaujKcNQxcQ=="],
  }
}
