{
  "lockfileVersion": 1,
  "workspaces": {
    "": {
      "name": "bun-vector-mcp",
      "dependencies": {
        "@ai-sdk/openai": "^3.0.0-beta.54",
        "@ai-sdk/react": "^3.0.0-beta.93",
        "ai": "^6.0.0-beta.93",
        "bun-plugin-tailwind": "^0.1.2",
        "dotenv": "^16.4.7",
        "katex": "^0.16.25",
        "marked": "^16.4.1",
        "marked-katex-extension": "^5.1.5",
        "marked-react": "^3.0.2",
        "react": "^19.2.0",
        "react-dom": "^19.2.0",
        "tailwindcss": "^4.1.16",
        "uuid": "^11.0.5",
        "zod": "^3.24.1",
      },
      "devDependencies": {
        "@types/bun": "latest",
        "@types/react": "^19.2.2",
        "@types/react-dom": "^19.2.2",
        "@types/uuid": "^10.0.0",
        "prettier": "^3.6.2",
      },
      "peerDependencies": {
        "typescript": "^5",
      },
    },
  },
  "packages": {
    "@ai-sdk/gateway": ["@ai-sdk/gateway@2.0.0-beta.50", "", { "dependencies": { "@ai-sdk/provider": "3.0.0-beta.15", "@ai-sdk/provider-utils": "4.0.0-beta.31", "@vercel/oidc": "3.0.3" }, "peerDependencies": { "zod": "^3.25.76 || ^4.1.8" } }, "sha512-1SkmLI6y2/2YoWtMD6T9QaZZtyyTYbL9aFq6DSLJGklM5uBjeZzYj0L5eL0YCxYdL1PWj/uSsUNPpfuYBol5ew=="],

    "@ai-sdk/openai": ["@ai-sdk/openai@3.0.0-beta.54", "", { "dependencies": { "@ai-sdk/provider": "3.0.0-beta.15", "@ai-sdk/provider-utils": "4.0.0-beta.31" }, "peerDependencies": { "zod": "^3.25.76 || ^4.1.8" } }, "sha512-EjCi1brWfDQOm/FXzijl5oujUUk0Y+wxmJGV5uaNqoVo8uIUUM/YoNpQtaarM68QN4BJPJfr90vXV1rH7NkD6A=="],

    "@ai-sdk/provider": ["@ai-sdk/provider@3.0.0-beta.15", "", { "dependencies": { "json-schema": "^0.4.0" } }, "sha512-vHAlJe2yRQvEsB/Ldy799HUjTSDzTWk6w3PIJFAOuhuJ3c2PvOcHrcY3IULPIx6bOnB2OgG3BE6zySey5pnyBQ=="],

    "@ai-sdk/provider-utils": ["@ai-sdk/provider-utils@4.0.0-beta.31", "", { "dependencies": { "@ai-sdk/provider": "3.0.0-beta.15", "@standard-schema/spec": "^1.0.0", "eventsource-parser": "^3.0.6" }, "peerDependencies": { "@valibot/to-json-schema": "^1.3.0", "arktype": "^2.1.22", "effect": "^3.18.4", "zod": "^3.25.76 || ^4.1.8" }, "optionalPeers": ["@valibot/to-json-schema", "arktype", "effect"] }, "sha512-IfE4sAYyO4+tUAoJGyvxeEaa0FMhygrvj2OVdDFuMpGOfFBQHETlP+X7bwnJY8M0oYBp9BEB+YF9D5sCx5oc0w=="],

    "@ai-sdk/react": ["@ai-sdk/react@3.0.0-beta.93", "", { "dependencies": { "@ai-sdk/provider-utils": "4.0.0-beta.31", "ai": "6.0.0-beta.93", "swr": "^2.2.5", "throttleit": "2.1.0" }, "peerDependencies": { "react": "^18 || ^19 || ^19.0.0-rc" } }, "sha512-sTvyDCEO7kJgSQt5WH7spjaToF46K/5ShtcZyz/Sz2Js/ws4kWtPUXHjWVTQYgtWna21Z4C6M1HoKE4Cf7Tr1w=="],

    "@opentelemetry/api": ["@opentelemetry/api@1.9.0", "", {}, "sha512-3giAOQvZiH5F9bMlMiv8+GSPMeqg0dbaeo58/0SlA9sxSqZhnUtxzX9/2FzyhS9sWQf5S0GJE0AKBrFqjpeYcg=="],

    "@oven/bun-darwin-aarch64": ["@oven/bun-darwin-aarch64@1.3.1", "", { "os": "darwin", "cpu": "arm64" }, "sha512-7Rap1BHNWqgnexc4wLjjdZeVRQKtk534iGuJ7qZ42i/q1B+cxJZ6zSnrFsYmo+zreH7dUyUXL3AHuXGrl2772Q=="],

    "@oven/bun-darwin-x64": ["@oven/bun-darwin-x64@1.3.1", "", { "os": "darwin", "cpu": "x64" }, "sha512-wpqmgT/8w+tEr5YMGt1u1sEAMRHhyA2SKZddC6GCPasHxSqkCWOPQvYIHIApnTsoSsxhxP0x6Cpe93+4c7hq/w=="],

    "@oven/bun-darwin-x64-baseline": ["@oven/bun-darwin-x64-baseline@1.3.1", "", { "os": "darwin", "cpu": "x64" }, "sha512-mJo715WvwEHmJ6khNymWyxi0QrFzU94wolsUmxolViNHrk+2ugzIkVIJhTnxf7pHnarxxHwyJ/kgatuV//QILQ=="],

    "@oven/bun-linux-aarch64": ["@oven/bun-linux-aarch64@1.3.1", "", { "os": "linux", "cpu": "arm64" }, "sha512-ACn038SZL8del+sFnqCjf+haGB02//j2Ez491IMmPTvbv4a/D0iiNz9xiIB3ICbQd3EwQzi+Ut/om3Ba/KoHbQ=="],

    "@oven/bun-linux-aarch64-musl": ["@oven/bun-linux-aarch64-musl@1.3.1", "", { "os": "linux", "cpu": "arm64" }, "sha512-gKU3Wv3BTG5VMjqMMnRwqU6tipCveE9oyYNt62efy6cQK3Vo1DOBwY2SmjbFw+yzj+Um20YoFOLGxghfQET4Ng=="],

    "@oven/bun-linux-x64": ["@oven/bun-linux-x64@1.3.1", "", { "os": "linux", "cpu": "x64" }, "sha512-cAUeM3I5CIYlu5Ur52eCOGg9yfqibQd4lzt9G1/rA0ajqcnCBaTuekhUDZETJJf5H9QV+Gm46CqQg2DpdJzJsw=="],

    "@oven/bun-linux-x64-baseline": ["@oven/bun-linux-x64-baseline@1.3.1", "", { "os": "linux", "cpu": "x64" }, "sha512-7+2aCrL81mtltZQbKdiPB58UL+Gr3DAIuPyUAKm0Ib/KG/Z8t7nD/eSMRY/q6b+NsAjYnVPiPwqSjC3edpMmmQ=="],

    "@oven/bun-linux-x64-musl": ["@oven/bun-linux-x64-musl@1.3.1", "", { "os": "linux", "cpu": "x64" }, "sha512-8AgEAHyuJ5Jm9MUo1L53K1SRYu0bNGqV0E0L5rB5DjkteO4GXrnWGBT8qsuwuy7WMuCMY3bj64/pFjlRkZuiXw=="],

    "@oven/bun-linux-x64-musl-baseline": ["@oven/bun-linux-x64-musl-baseline@1.3.1", "", { "os": "linux", "cpu": "x64" }, "sha512-tP0WWcAqrMayvkggOHBGBoyyoK+QHAqgRUyj1F6x5/udiqc9vCXmIt1tlydxYV/NvyvUAmJ7MWT0af44Xm2kJw=="],

    "@oven/bun-windows-x64": ["@oven/bun-windows-x64@1.3.1", "", { "os": "win32", "cpu": "x64" }, "sha512-xdUjOZRq6PwPbbz4/F2QEMLBZwintGp7AS50cWxgkHnyp7Omz5eJfV6/vWtN4qwZIyR3V3DT/2oXsY1+7p3rtg=="],

    "@oven/bun-windows-x64-baseline": ["@oven/bun-windows-x64-baseline@1.3.1", "", { "os": "win32", "cpu": "x64" }, "sha512-dcA+Kj7hGFrY3G8NWyYf3Lj3/GMViknpttWUf5pI6p6RphltZaoDu0lY5Lr71PkMdRZTwL2NnZopa/x/NWCdKA=="],

    "@standard-schema/spec": ["@standard-schema/spec@1.0.0", "", {}, "sha512-m2bOd0f2RT9k8QJx1JN85cZYyH1RqFBdlwtkSlf4tBDYLCiiZnv1fIIwacK6cqwXavOydf0NPToMQgpKq+dVlA=="],

    "@types/bun": ["@types/bun@1.3.1", "", { "dependencies": { "bun-types": "1.3.1" } }, "sha512-4jNMk2/K9YJtfqwoAa28c8wK+T7nvJFOjxI4h/7sORWcypRNxBpr+TPNaCfVWq70tLCJsqoFwcf0oI0JU/fvMQ=="],

    "@types/node": ["@types/node@24.10.0", "", { "dependencies": { "undici-types": "~7.16.0" } }, "sha512-qzQZRBqkFsYyaSWXuEHc2WR9c0a0CXwiE5FWUvn7ZM+vdy1uZLfCunD38UzhuB7YN/J11ndbDBcTmOdxJo9Q7A=="],

    "@types/react": ["@types/react@19.2.2", "", { "dependencies": { "csstype": "^3.0.2" } }, "sha512-6mDvHUFSjyT2B2yeNx2nUgMxh9LtOWvkhIU3uePn2I2oyNymUAX1NIsdgviM4CH+JSrp2D2hsMvJOkxY+0wNRA=="],

    "@types/react-dom": ["@types/react-dom@19.2.2", "", { "peerDependencies": { "@types/react": "^19.2.0" } }, "sha512-9KQPoO6mZCi7jcIStSnlOWn2nEF3mNmyr3rIAsGnAbQKYbRLyqmeSc39EVgtxXVia+LMT8j3knZLAZAh+xLmrw=="],

    "@types/uuid": ["@types/uuid@10.0.0", "", {}, "sha512-7gqG38EyHgyP1S+7+xomFtL+ZNHcKv6DwNaCZmJmo1vgMugyF3TCnXVg4t1uk89mLNwnLtnY3TpOpCOyp1/xHQ=="],

    "@vercel/oidc": ["@vercel/oidc@3.0.3", "", {}, "sha512-yNEQvPcVrK9sIe637+I0jD6leluPxzwJKx/Haw6F4H77CdDsszUn5V3o96LPziXkSNE2B83+Z3mjqGKBK/R6Gg=="],

    "ai": ["ai@6.0.0-beta.93", "", { "dependencies": { "@ai-sdk/gateway": "2.0.0-beta.50", "@ai-sdk/provider": "3.0.0-beta.15", "@ai-sdk/provider-utils": "4.0.0-beta.31", "@opentelemetry/api": "1.9.0" }, "peerDependencies": { "zod": "^3.25.76 || ^4.1.8" } }, "sha512-HzHA68Toh+Pxn2Jfp6Rs6zIlkd5H/CK5AMextPPZ6JHFJIRO6pMBj5P8QU/NLJzJ41NcirtLlWr7WYRtZziVMQ=="],

    "bun": ["bun@1.3.1", "", { "optionalDependencies": { "@oven/bun-darwin-aarch64": "1.3.1", "@oven/bun-darwin-x64": "1.3.1", "@oven/bun-darwin-x64-baseline": "1.3.1", "@oven/bun-linux-aarch64": "1.3.1", "@oven/bun-linux-aarch64-musl": "1.3.1", "@oven/bun-linux-x64": "1.3.1", "@oven/bun-linux-x64-baseline": "1.3.1", "@oven/bun-linux-x64-musl": "1.3.1", "@oven/bun-linux-x64-musl-baseline": "1.3.1", "@oven/bun-windows-x64": "1.3.1", "@oven/bun-windows-x64-baseline": "1.3.1" }, "os": [ "linux", "win32", "darwin", ], "cpu": [ "x64", "arm64", ], "bin": { "bun": "bin/bun.exe", "bunx": "bin/bunx.exe" } }, "sha512-enqkEb0RhNOgDzHQwv7uvnIhX3uSzmKzz779dL7kdH8SauyTdQvCz4O1UT2rU0UldQp2K9OlrJNdyDHayPEIvw=="],

    "bun-plugin-tailwind": ["bun-plugin-tailwind@0.1.2", "", { "peerDependencies": { "bun": ">=1.0.0" } }, "sha512-41jNC1tZRSK3s1o7pTNrLuQG8kL/0vR/JgiTmZAJ1eHwe0w5j6HFPKeqEk0WAD13jfrUC7+ULuewFBBCoADPpg=="],

    "bun-types": ["bun-types@1.3.1", "", { "dependencies": { "@types/node": "*" }, "peerDependencies": { "@types/react": "^19" } }, "sha512-NMrcy7smratanWJ2mMXdpatalovtxVggkj11bScuWuiOoXTiKIu2eVS1/7qbyI/4yHedtsn175n4Sm4JcdHLXw=="],

    "commander": ["commander@8.3.0", "", {}, "sha512-OkTL9umf+He2DZkUq8f8J9of7yL6RJKI24dVITBmNfZBmri9zYZQrKkuXiKhyfPSu8tUhnVBB1iKXevvnlR4Ww=="],

    "csstype": ["csstype@3.1.3", "", {}, "sha512-M1uQkMl8rQK/szD0LNhtqxIPLpimGm8sOBwU7lLnCpSbTyY3yeU1Vc7l4KT5zT4s/yOxHH5O7tIuuLOCnLADRw=="],

    "dequal": ["dequal@2.0.3", "", {}, "sha512-0je+qPKHEMohvfRTCEo3CrPG6cAzAYgmzKyxRiYSSDkS6eGJdyVJm7WaYA5ECaAD9wLB2T4EEeymA5aFVcYXCA=="],

    "dotenv": ["dotenv@16.6.1", "", {}, "sha512-uBq4egWHTcTt33a72vpSG0z3HnPuIl6NqYcTrKEg2azoEyl2hpW0zqlxysq2pK9HlDIHyHyakeYaYnSAwd8bow=="],

    "eventsource-parser": ["eventsource-parser@3.0.6", "", {}, "sha512-Vo1ab+QXPzZ4tCa8SwIHJFaSzy4R6SHf7BY79rFBDf0idraZWAkYrDjDj8uWaSm3S2TK+hJ7/t1CEmZ7jXw+pg=="],

    "json-schema": ["json-schema@0.4.0", "", {}, "sha512-es94M3nTIfsEPisRafak+HDLfHXnKBhV3vU5eqPcS3flIWqcxJWgXHXiey3YrpaNsanY5ei1VoYEbOzijuq9BA=="],

    "katex": ["katex@0.16.25", "", { "dependencies": { "commander": "^8.3.0" }, "bin": { "katex": "cli.js" } }, "sha512-woHRUZ/iF23GBP1dkDQMh1QBad9dmr8/PAwNA54VrSOVYgI12MAcE14TqnDdQOdzyEonGzMepYnqBMYdsoAr8Q=="],

    "marked": ["marked@16.4.1", "", { "bin": { "marked": "bin/marked.js" } }, "sha512-ntROs7RaN3EvWfy3EZi14H4YxmT6A5YvywfhO+0pm+cH/dnSQRmdAmoFIc3B9aiwTehyk7pESH4ofyBY+V5hZg=="],

    "marked-katex-extension": ["marked-katex-extension@5.1.5", "", { "peerDependencies": { "katex": ">=0.16 <0.17", "marked": ">=4 <17" } }, "sha512-AAlfnpi3ivBWt4Paqb8YW2R7eq2ESJ+AtrgJU1jImUwnxHJAhPkZ5MsR3POnWV9HKwlBLZTVGC5I5+I2xWRiFg=="],

    "marked-react": ["marked-react@3.0.2", "", { "dependencies": { "marked": "^16.0.0" }, "peerDependencies": { "react": "^16.8.0 || >=17.0.0" } }, "sha512-uLuH5P5i1H+igH+Y7toWX+sM2UGDdYMIPZ9JtBNajkyFiQBoAMJJY7gBlm3nHXHiPDZHkhZ9p/cb9XO0F1qnCA=="],

    "prettier": ["prettier@3.6.2", "", { "bin": { "prettier": "bin/prettier.cjs" } }, "sha512-I7AIg5boAr5R0FFtJ6rCfD+LFsWHp81dolrFD8S79U9tb8Az2nGrJncnMSnys+bpQJfRUzqs9hnA81OAA3hCuQ=="],

    "react": ["react@19.2.0", "", {}, "sha512-tmbWg6W31tQLeB5cdIBOicJDJRR2KzXsV7uSK9iNfLWQ5bIZfxuPEHp7M8wiHyHnn0DD1i7w3Zmin0FtkrwoCQ=="],

    "react-dom": ["react-dom@19.2.0", "", { "dependencies": { "scheduler": "^0.27.0" }, "peerDependencies": { "react": "^19.2.0" } }, "sha512-UlbRu4cAiGaIewkPyiRGJk0imDN2T3JjieT6spoL2UeSf5od4n5LB/mQ4ejmxhCFT1tYe8IvaFulzynWovsEFQ=="],

    "scheduler": ["scheduler@0.27.0", "", {}, "sha512-eNv+WrVbKu1f3vbYJT/xtiF5syA5HPIMtf9IgY/nKg0sWqzAUEvqY/xm7OcZc/qafLx/iO9FgOmeSAp4v5ti/Q=="],

    "swr": ["swr@2.3.6", "", { "dependencies": { "dequal": "^2.0.3", "use-sync-external-store": "^1.4.0" }, "peerDependencies": { "react": "^16.11.0 || ^17.0.0 || ^18.0.0 || ^19.0.0" } }, "sha512-wfHRmHWk/isGNMwlLGlZX5Gzz/uTgo0o2IRuTMcf4CPuPFJZlq0rDaKUx+ozB5nBOReNV1kiOyzMfj+MBMikLw=="],

    "tailwindcss": ["tailwindcss@4.1.16", "", {}, "sha512-pONL5awpaQX4LN5eiv7moSiSPd/DLDzKVRJz8Q9PgzmAdd1R4307GQS2ZpfiN7ZmekdQrfhZZiSE5jkLR4WNaA=="],

    "throttleit": ["throttleit@2.1.0", "", {}, "sha512-nt6AMGKW1p/70DF/hGBdJB57B8Tspmbp5gfJ8ilhLnt7kkr2ye7hzD6NVG8GGErk2HWF34igrL2CXmNIkzKqKw=="],

    "typescript": ["typescript@5.9.3", "", { "bin": { "tsc": "bin/tsc", "tsserver": "bin/tsserver" } }, "sha512-jl1vZzPDinLr9eUt3J/t7V6FgNEw9QjvBPdysz9KfQDD41fQrC2Y4vKQdiaUpFT4bXlb1RHhLpp8wtm6M5TgSw=="],

    "undici-types": ["undici-types@7.16.0", "", {}, "sha512-Zz+aZWSj8LE6zoxD+xrjh4VfkIG8Ya6LvYkZqtUQGJPZjYl53ypCaUwWqo7eI0x66KBGeRo+mlBEkMSeSZ38Nw=="],

    "use-sync-external-store": ["use-sync-external-store@1.6.0", "", { "peerDependencies": { "react": "^16.8.0 || ^17.0.0 || ^18.0.0 || ^19.0.0" } }, "sha512-Pp6GSwGP/NrPIrxVFAIkOQeyw8lFenOHijQWkUTrDvrF4ALqylP2C/KCkeS9dpUM3KvYRQhna5vt7IL95+ZQ9w=="],

    "uuid": ["uuid@11.1.0", "", { "bin": { "uuid": "dist/esm/bin/uuid" } }, "sha512-0/A9rDy9P7cJ+8w1c9WD9V//9Wj15Ce2MPz8Ri6032usz+NfePxx5AcN3bN+r6ZL6jEo066/yNYB3tn4pQEx+A=="],

    "zod": ["zod@3.25.76", "", {}, "sha512-gzUt/qt81nXsFGKIFcC3YnfEAx5NkunCfnDlvuBSSFS02bcXu4Lmea0AFIUwbLWxWPx3d9p8S5QoaujKcNQxcQ=="],
  }
}
